// !$*UTF8*$!
{
	archiveVersion = 1;
	classes = {
	};
	objectVersion = 56;
	objects = {

/* Begin PBXBuildFile section */
		B4B78FD029B678DF003DFFA3 /* ViewModel.swift in Sources */ = {isa = PBXBuildFile; fileRef = B4B78FCF29B678DF003DFFA3 /* ViewModel.swift */; };
		B4B78FD229B6791B003DFFA3 /* MessageRow.swift in Sources */ = {isa = PBXBuildFile; fileRef = B4B78FD129B6791B003DFFA3 /* MessageRow.swift */; };
		B4B78FD429B67DE2003DFFA3 /* DotLoadingView.swift in Sources */ = {isa = PBXBuildFile; fileRef = B4B78FD329B67DE2003DFFA3 /* DotLoadingView.swift */; };
		B4B78FD629B67F58003DFFA3 /* MessageRowView.swift in Sources */ = {isa = PBXBuildFile; fileRef = B4B78FD529B67F58003DFFA3 /* MessageRowView.swift */; };
		B4D0E20729B3619E0093809D /* MyPersonalGPTApp.swift in Sources */ = {isa = PBXBuildFile; fileRef = B4D0E20629B3619E0093809D /* MyPersonalGPTApp.swift */; };
		B4D0E20929B3619E0093809D /* ContentView.swift in Sources */ = {isa = PBXBuildFile; fileRef = B4D0E20829B3619E0093809D /* ContentView.swift */; };
		B4D0E20B29B3619F0093809D /* Assets.xcassets in Resources */ = {isa = PBXBuildFile; fileRef = B4D0E20A29B3619F0093809D /* Assets.xcassets */; };
		B4D0E20E29B3619F0093809D /* Preview Assets.xcassets in Resources */ = {isa = PBXBuildFile; fileRef = B4D0E20D29B3619F0093809D /* Preview Assets.xcassets */; };
		B4D0E21529B3620A0093809D /* ChatGPTAPI.swift in Sources */ = {isa = PBXBuildFile; fileRef = B4D0E21429B3620A0093809D /* ChatGPTAPI.swift */; };
/* End PBXBuildFile section */

/* Begin PBXFileReference section */
		B4B78FCF29B678DF003DFFA3 /* ViewModel.swift */ = {isa = PBXFileReference; lastKnownFileType = sourcecode.swift; path = ViewModel.swift; sourceTree = "<group>"; };
		B4B78FD129B6791B003DFFA3 /* MessageRow.swift */ = {isa = PBXFileReference; lastKnownFileType = sourcecode.swift; path = MessageRow.swift; sourceTree = "<group>"; };
		B4B78FD329B67DE2003DFFA3 /* DotLoadingView.swift */ = {isa = PBXFileReference; lastKnownFileType = sourcecode.swift; path = DotLoadingView.swift; sourceTree = "<group>"; };
		B4B78FD529B67F58003DFFA3 /* MessageRowView.swift */ = {isa = PBXFileReference; lastKnownFileType = sourcecode.swift; path = MessageRowView.swift; sourceTree = "<group>"; };
		B4D0E20329B3619E0093809D /* MyPersonalGPT.app */ = {isa = PBXFileReference; explicitFileType = wrapper.application; includeInIndex = 0; path = MyPersonalGPT.app; sourceTree = BUILT_PRODUCTS_DIR; };
		B4D0E20629B3619E0093809D /* MyPersonalGPTApp.swift */ = {isa = PBXFileReference; lastKnownFileType = sourcecode.swift; path = MyPersonalGPTApp.swift; sourceTree = "<group>"; };
		B4D0E20829B3619E0093809D /* ContentView.swift */ = {isa = PBXFileReference; lastKnownFileType = sourcecode.swift; path = ContentView.swift; sourceTree = "<group>"; };
		B4D0E20A29B3619F0093809D /* Assets.xcassets */ = {isa = PBXFileReference; lastKnownFileType = folder.assetcatalog; path = Assets.xcassets; sourceTree = "<group>"; };
		B4D0E20D29B3619F0093809D /* Preview Assets.xcassets */ = {isa = PBXFileReference; lastKnownFileType = folder.assetcatalog; path = "Preview Assets.xcassets"; sourceTree = "<group>"; };
		B4D0E21429B3620A0093809D /* ChatGPTAPI.swift */ = {isa = PBXFileReference; lastKnownFileType = sourcecode.swift; path = ChatGPTAPI.swift; sourceTree = "<group>"; };
/* End PBXFileReference section */

/* Begin PBXFrameworksBuildPhase section */
		B4D0E20029B3619E0093809D /* Frameworks */ = {
			isa = PBXFrameworksBuildPhase;
			buildActionMask = 2147483647;
			files = (
			);
			runOnlyForDeploymentPostprocessing = 0;
		};
/* End PBXFrameworksBuildPhase section */

/* Begin PBXGroup section */
		B4D0E1FA29B3619E0093809D = {
			isa = PBXGroup;
			children = (
				B4D0E20529B3619E0093809D /* MyPersonalGPT */,
				B4D0E20429B3619E0093809D /* Products */,
			);
			sourceTree = "<group>";
		};
		B4D0E20429B3619E0093809D /* Products */ = {
			isa = PBXGroup;
			children = (
				B4D0E20329B3619E0093809D /* MyPersonalGPT.app */,
			);
			name = Products;
			sourceTree = "<group>";
		};
		B4D0E20529B3619E0093809D /* MyPersonalGPT */ = {
			isa = PBXGroup;
			children = (
				B4D0E20629B3619E0093809D /* MyPersonalGPTApp.swift */,
				B4B78FD329B67DE2003DFFA3 /* DotLoadingView.swift */,
				B4D0E20829B3619E0093809D /* ContentView.swift */,
				B4B78FCF29B678DF003DFFA3 /* ViewModel.swift */,
				B4D0E21429B3620A0093809D /* ChatGPTAPI.swift */,
				B4D0E20A29B3619F0093809D /* Assets.xcassets */,
				B4D0E20C29B3619F0093809D /* Preview Content */,
				B4B78FD129B6791B003DFFA3 /* MessageRow.swift */,
				B4B78FD529B67F58003DFFA3 /* MessageRowView.swift */,
			);
			path = MyPersonalGPT;
			sourceTree = "<group>";
		};
		B4D0E20C29B3619F0093809D /* Preview Content */ = {
			isa = PBXGroup;
			children = (
				B4D0E20D29B3619F0093809D /* Preview Assets.xcassets */,
			);
			path = "Preview Content";
			sourceTree = "<group>";
		};
/* End PBXGroup section */

/* Begin PBXNativeTarget section */
		B4D0E20229B3619E0093809D /* MyPersonalGPT */ = {
			isa = PBXNativeTarget;
			buildConfigurationList = B4D0E21129B3619F0093809D /* Build configuration list for PBXNativeTarget "MyPersonalGPT" */;
			buildPhases = (
				B4D0E1FF29B3619E0093809D /* Sources */,
				B4D0E20029B3619E0093809D /* Frameworks */,
				B4D0E20129B3619E0093809D /* Resources */,
			);
			buildRules = (
			);
			dependencies = (
			);
			name = MyPersonalGPT;
			productName = MyPersonalGPT;
			productReference = B4D0E20329B3619E0093809D /* MyPersonalGPT.app */;
			productType = "com.apple.product-type.application";
		};
/* End PBXNativeTarget section */

/* Begin PBXProject section */
		B4D0E1FB29B3619E0093809D /* Project object */ = {
			isa = PBXProject;
			attributes = {
				BuildIndependentTargetsInParallel = 1;
				LastSwiftUpdateCheck = 1410;
				LastUpgradeCheck = 1410;
				TargetAttributes = {
					B4D0E20229B3619E0093809D = {
						CreatedOnToolsVersion = 14.1;
					};
				};
			};
			buildConfigurationList = B4D0E1FE29B3619E0093809D /* Build configuration list for PBXProject "MyPersonalGPT" */;
			compatibilityVersion = "Xcode 14.0";
			developmentRegion = en;
			hasScannedForEncodings = 0;
			knownRegions = (
				en,
				Base,
			);
			mainGroup = B4D0E1FA29B3619E0093809D;
			productRefGroup = B4D0E20429B3619E0093809D /* Products */;
			projectDirPath = "";
			projectRoot = "";
			targets = (
				B4D0E20229B3619E0093809D /* MyPersonalGPT */,
			);
		};
/* End PBXProject section */

/* Begin PBXResourcesBuildPhase section */
		B4D0E20129B3619E0093809D /* Resources */ = {
			isa = PBXResourcesBuildPhase;
			buildActionMask = 2147483647;
			files = (
				B4D0E20E29B3619F0093809D /* Preview Assets.xcassets in Resources */,
				B4D0E20B29B3619F0093809D /* Assets.xcassets in Resources */,
			);
			runOnlyForDeploymentPostprocessing = 0;
		};
/* End PBXResourcesBuildPhase section */

/* Begin PBXSourcesBuildPhase section */
		B4D0E1FF29B3619E0093809D /* Sources */ = {
			isa = PBXSourcesBuildPhase;
			buildActionMask = 2147483647;
			files = (
				B4D0E21529B3620A0093809D /* ChatGPTAPI.swift in Sources */,
				B4D0E20929B3619E0093809D /* ContentView.swift in Sources */,
				B4B78FD029B678DF003DFFA3 /* ViewModel.swift in Sources */,
				B4B78FD429B67DE2003DFFA3 /* DotLoadingView.swift in Sources */,
				B4D0E20729B3619E0093809D /* MyPersonalGPTApp.swift in Sources */,
				B4B78FD629B67F58003DFFA3 /* MessageRowView.swift in Sources */,
				B4B78FD229B6791B003DFFA3 /* MessageRow.swift in Sources */,
			);
			runOnlyForDeploymentPostprocessing = 0;
		};
/* End PBXSourcesBuildPhase section */

/* Begin XCBuildConfiguration section */
		B4D0E20F29B3619F0093809D /* Debug */ = {
			isa = XCBuildConfiguration;
			buildSettings = {
				ALWAYS_SEARCH_USER_PATHS = NO;
				CLANG_ANALYZER_NONNULL = YES;
				CLANG_ANALYZER_NUMBER_OBJECT_CONVERSION = YES_AGGRESSIVE;
				CLANG_CXX_LANGUAGE_STANDARD = "gnu++20";
				CLANG_ENABLE_MODULES = YES;
				CLANG_ENABLE_OBJC_ARC = YES;
				CLANG_ENABLE_OBJC_WEAK = YES;
				CLANG_WARN_BLOCK_CAPTURE_AUTORELEASING = YES;
				CLANG_WARN_BOOL_CONVERSION = YES;
				CLANG_WARN_COMMA = YES;
				CLANG_WARN_CONSTANT_CONVERSION = YES;
				CLANG_WARN_DEPRECATED_OBJC_IMPLEMENTATIONS = YES;
				CLANG_WARN_DIRECT_OBJC_ISA_USAGE = YES_ERROR;
				CLANG_WARN_DOCUMENTATION_COMMENTS = YES;
				CLANG_WARN_EMPTY_BODY = YES;
				CLANG_WARN_ENUM_CONVERSION = YES;
				CLANG_WARN_INFINITE_RECURSION = YES;
				CLANG_WARN_INT_CONVERSION = YES;
				CLANG_WARN_NON_LITERAL_NULL_CONVERSION = YES;
				CLANG_WARN_OBJC_IMPLICIT_RETAIN_SELF = YES;
				CLANG_WARN_OBJC_LITERAL_CONVERSION = YES;
				CLANG_WARN_OBJC_ROOT_CLASS = YES_ERROR;
				CLANG_WARN_QUOTED_INCLUDE_IN_FRAMEWORK_HEADER = YES;
				CLANG_WARN_RANGE_LOOP_ANALYSIS = YES;
				CLANG_WARN_STRICT_PROTOTYPES = YES;
				CLANG_WARN_SUSPICIOUS_MOVE = YES;
				CLANG_WARN_UNGUARDED_AVAILABILITY = YES_AGGRESSIVE;
				CLANG_WARN_UNREACHABLE_CODE = YES;
				CLANG_WARN__DUPLICATE_METHOD_MATCH = YES;
				COPY_PHASE_STRIP = NO;
				DEBUG_INFORMATION_FORMAT = dwarf;
				ENABLE_STRICT_OBJC_MSGSEND = YES;
				ENABLE_TESTABILITY = YES;
				GCC_C_LANGUAGE_STANDARD = gnu11;
				GCC_DYNAMIC_NO_PIC = NO;
				GCC_NO_COMMON_BLOCKS = YES;
				GCC_OPTIMIZATION_LEVEL = 0;
				GCC_PREPROCESSOR_DEFINITIONS = (
					"DEBUG=1",
					"$(inherited)",
				);
				GCC_WARN_64_TO_32_BIT_CONVERSION = YES;
				GCC_WARN_ABOUT_RETURN_TYPE = YES_ERROR;
				GCC_WARN_UNDECLARED_SELECTOR = YES;
				GCC_WARN_UNINITIALIZED_AUTOS = YES_AGGRESSIVE;
				GCC_WARN_UNUSED_FUNCTION = YES;
				GCC_WARN_UNUSED_VARIABLE = YES;
				IPHONEOS_DEPLOYMENT_TARGET = 16.1;
				MTL_ENABLE_DEBUG_INFO = INCLUDE_SOURCE;
				MTL_FAST_MATH = YES;
				ONLY_ACTIVE_ARCH = YES;
				SDKROOT = iphoneos;
				SWIFT_ACTIVE_COMPILATION_CONDITIONS = DEBUG;
				SWIFT_OPTIMIZATION_LEVEL = "-Onone";
			};
			name = Debug;
		};
		B4D0E21029B3619F0093809D /* Release */ = {
			isa = XCBuildConfiguration;
			buildSettings = {
				ALWAYS_SEARCH_USER_PATHS = NO;
				CLANG_ANALYZER_NONNULL = YES;
				CLANG_ANALYZER_NUMBER_OBJECT_CONVERSION = YES_AGGRESSIVE;
				CLANG_CXX_LANGUAGE_STANDARD = "gnu++20";
				CLANG_ENABLE_MODULES = YES;
				CLANG_ENABLE_OBJC_ARC = YES;
				CLANG_ENABLE_OBJC_WEAK = YES;
				CLANG_WARN_BLOCK_CAPTURE_AUTORELEASING = YES;
				CLANG_WARN_BOOL_CONVERSION = YES;
				CLANG_WARN_COMMA = YES;
				CLANG_WARN_CONSTANT_CONVERSION = YES;
				CLANG_WARN_DEPRECATED_OBJC_IMPLEMENTATIONS = YES;
				CLANG_WARN_DIRECT_OBJC_ISA_USAGE = YES_ERROR;
				CLANG_WARN_DOCUMENTATION_COMMENTS = YES;
				CLANG_WARN_EMPTY_BODY = YES;
				CLANG_WARN_ENUM_CONVERSION = YES;
				CLANG_WARN_INFINITE_RECURSION = YES;
				CLANG_WARN_INT_CONVERSION = YES;
				CLANG_WARN_NON_LITERAL_NULL_CONVERSION = YES;
				CLANG_WARN_OBJC_IMPLICIT_RETAIN_SELF = YES;
				CLANG_WARN_OBJC_LITERAL_CONVERSION = YES;
				CLANG_WARN_OBJC_ROOT_CLASS = YES_ERROR;
				CLANG_WARN_QUOTED_INCLUDE_IN_FRAMEWORK_HEADER = YES;
				CLANG_WARN_RANGE_LOOP_ANALYSIS = YES;
				CLANG_WARN_STRICT_PROTOTYPES = YES;
				CLANG_WARN_SUSPICIOUS_MOVE = YES;
				CLANG_WARN_UNGUARDED_AVAILABILITY = YES_AGGRESSIVE;
				CLANG_WARN_UNREACHABLE_CODE = YES;
				CLANG_WARN__DUPLICATE_METHOD_MATCH = YES;
				COPY_PHASE_STRIP = NO;
				DEBUG_INFORMATION_FORMAT = "dwarf-with-dsym";
				ENABLE_NS_ASSERTIONS = NO;
				ENABLE_STRICT_OBJC_MSGSEND = YES;
				GCC_C_LANGUAGE_STANDARD = gnu11;
				GCC_NO_COMMON_BLOCKS = YES;
				GCC_WARN_64_TO_32_BIT_CONVERSION = YES;
				GCC_WARN_ABOUT_RETURN_TYPE = YES_ERROR;
				GCC_WARN_UNDECLARED_SELECTOR = YES;
				GCC_WARN_UNINITIALIZED_AUTOS = YES_AGGRESSIVE;
				GCC_WARN_UNUSED_FUNCTION = YES;
				GCC_WARN_UNUSED_VARIABLE = YES;
				IPHONEOS_DEPLOYMENT_TARGET = 16.1;
				MTL_ENABLE_DEBUG_INFO = NO;
				MTL_FAST_MATH = YES;
				SDKROOT = iphoneos;
				SWIFT_COMPILATION_MODE = wholemodule;
				SWIFT_OPTIMIZATION_LEVEL = "-O";
				VALIDATE_PRODUCT = YES;
			};
			name = Release;
		};
		B4D0E21229B3619F0093809D /* Debug */ = {
			isa = XCBuildConfiguration;
			buildSettings = {
				ASSETCATALOG_COMPILER_APPICON_NAME = AppIcon;
				ASSETCATALOG_COMPILER_GLOBAL_ACCENT_COLOR_NAME = AccentColor;
				CODE_SIGN_STYLE = Automatic;
				CURRENT_PROJECT_VERSION = 1;
				DEVELOPMENT_ASSET_PATHS = "\"MyPersonalGPT/Preview Content\"";
				DEVELOPMENT_TEAM = DMH4UQA9W4;
				ENABLE_PREVIEWS = YES;
				GENERATE_INFOPLIST_FILE = YES;
				INFOPLIST_KEY_UIApplicationSceneManifest_Generation = YES;
				INFOPLIST_KEY_UIApplicationSupportsIndirectInputEvents = YES;
				INFOPLIST_KEY_UILaunchScreen_Generation = YES;
				INFOPLIST_KEY_UISupportedInterfaceOrientations_iPad = "UIInterfaceOrientationPortrait UIInterfaceOrientationPortraitUpsideDown UIInterfaceOrientationLandscapeLeft UIInterfaceOrientationLandscapeRight";
				INFOPLIST_KEY_UISupportedInterfaceOrientations_iPhone = "UIInterfaceOrientationPortrait UIInterfaceOrientationLandscapeLeft UIInterfaceOrientationLandscapeRight";
				LD_RUNPATH_SEARCH_PATHS = (
					"$(inherited)",
					"@executable_path/Frameworks",
				);
				MARKETING_VERSION = 1.0;
				PRODUCT_BUNDLE_IDENTIFIER = com.mnkadafi.MyPersonalGPT;
				PRODUCT_NAME = "$(TARGET_NAME)";
				SWIFT_EMIT_LOC_STRINGS = YES;
				SWIFT_VERSION = 5.0;
				TARGETED_DEVICE_FAMILY = "1,2";
			};
			name = Debug;
		};
		B4D0E21329B3619F0093809D /* Release */ = {
			isa = XCBuildConfiguration;
			buildSettings = {
				ASSETCATALOG_COMPILER_APPICON_NAME = AppIcon;
				ASSETCATALOG_COMPILER_GLOBAL_ACCENT_COLOR_NAME = AccentColor;
				CODE_SIGN_STYLE = Automatic;
				CURRENT_PROJECT_VERSION = 1;
				DEVELOPMENT_ASSET_PATHS = "\"MyPersonalGPT/Preview Content\"";
				DEVELOPMENT_TEAM = DMH4UQA9W4;
				ENABLE_PREVIEWS = YES;
				GENERATE_INFOPLIST_FILE = YES;
				INFOPLIST_KEY_UIApplicationSceneManifest_Generation = YES;
				INFOPLIST_KEY_UIApplicationSupportsIndirectInputEvents = YES;
				INFOPLIST_KEY_UILaunchScreen_Generation = YES;
				INFOPLIST_KEY_UISupportedInterfaceOrientations_iPad = "UIInterfaceOrientationPortrait UIInterfaceOrientationPortraitUpsideDown UIInterfaceOrientationLandscapeLeft UIInterfaceOrientationLandscapeRight";
				INFOPLIST_KEY_UISupportedInterfaceOrientations_iPhone = "UIInterfaceOrientationPortrait UIInterfaceOrientationLandscapeLeft UIInterfaceOrientationLandscapeRight";
				LD_RUNPATH_SEARCH_PATHS = (
					"$(inherited)",
					"@executable_path/Frameworks",
				);
				MARKETING_VERSION = 1.0;
				PRODUCT_BUNDLE_IDENTIFIER = com.mnkadafi.MyPersonalGPT;
				PRODUCT_NAME = "$(TARGET_NAME)";
				SWIFT_EMIT_LOC_STRINGS = YES;
				SWIFT_VERSION = 5.0;
				TARGETED_DEVICE_FAMILY = "1,2";
			};
			name = Release;
		};
/* End XCBuildConfiguration section */

/* Begin XCConfigurationList section */
		B4D0E1FE29B3619E0093809D /* Build configuration list for PBXProject "MyPersonalGPT" */ = {
			isa = XCConfigurationList;
			buildConfigurations = (
				B4D0E20F29B3619F0093809D /* Debug */,
				B4D0E21029B3619F0093809D /* Release */,
			);
			defaultConfigurationIsVisible = 0;
			defaultConfigurationName = Release;
		};
		B4D0E21129B3619F0093809D /* Build configuration list for PBXNativeTarget "MyPersonalGPT" */ = {
			isa = XCConfigurationList;
			buildConfigurations = (
				B4D0E21229B3619F0093809D /* Debug */,
				B4D0E21329B3619F0093809D /* Release */,
			);
			defaultConfigurationIsVisible = 0;
			defaultConfigurationName = Release;
		};
/* End XCConfigurationList section */
	};
	rootObject = B4D0E1FB29B3619E0093809D /* Project object */;
}
